
Microsoft Visual Studio Solution File, Format Version 12.00
# Visual Studio Version 17
VisualStudioVersion = 17.3.32929.385
MinimumVisualStudioVersion = 10.0.40219.1
Project("{FAE04EC0-301F-11D3-BF4B-00C04F79EFBC}") = "OnlineMovieTicket", "OnlineMovieTicket\OnlineMovieTicket.csproj", "{3EEA1225-8BC4-4527-B78A-5C5DCDC81458}"
EndProject
Global
	GlobalSection(SolutionConfigurationPlatforms) = preSolution
		Debug|Any CPU = Debug|Any CPU
		Release|Any CPU = Release|Any CPU
	EndGlobalSection
	GlobalSection(ProjectConfigurationPlatforms) = postSolution
		{3EEA1225-8BC4-4527-B78A-5C5DCDC81458}.Debug|Any CPU.ActiveCfg = Debug|Any CPU
		{3EEA1225-8BC4-4527-B78A-5C5DCDC81458}.Debug|Any CPU.Build.0 = Debug|Any CPU
		{3EEA1225-8BC4-4527-B78A-5C5DCDC81458}.Release|Any CPU.ActiveCfg = Release|Any CPU
		{3EEA1225-8BC4-4527-B78A-5C5DCDC81458}.Release|Any CPU.Build.0 = Release|Any CPU
	EndGlobalSection
	GlobalSection(SolutionProperties) = preSolution
		HideSolutionNode = FALSE
	EndGlobalSection
	GlobalSection(ExtensibilityGlobals) = postSolution
		SolutionGuid = {BED2EAAC-DEA6-416D-BF8B-22296634901C}
	EndGlobalSection
EndGlobal
